
Microsoft Visual Studio Solution File, Format Version 12.00
# Visual Studio Version 17
VisualStudioVersion = 17.7.34031.279
MinimumVisualStudioVersion = 10.0.40219.1
Project("{FAE04EC0-301F-11D3-BF4B-00C04F79EFBC}") = "ComputerScienceNEA", "ComputerScienceNEA\ComputerScienceNEA.csproj", "{AB9230B8-C0C0-4FB1-B79C-08D7CAA13E8C}"
EndProject
Project("{2150E333-8FDC-42A3-9474-1A3956D46DE8}") = "Solution Items", "Solution Items", "{8BBBE38E-8C11-4982-B883-AA7F0FABD5EC}"
	ProjectSection(SolutionItems) = preProject
		ComputerScienceNEA\bin\Windows\x86\Debug\Scores.txt = ComputerScienceNEA\bin\Windows\x86\Debug\Scores.txt
		ComputerScienceNEA\bin\Windows\x86\Debug\Weight.txt = ComputerScienceNEA\bin\Windows\x86\Debug\Weight.txt
	EndProjectSection
EndProject
Global
	GlobalSection(SolutionConfigurationPlatforms) = preSolution
		Debug|x86 = Debug|x86
		Release|x86 = Release|x86
	EndGlobalSection
	GlobalSection(ProjectConfigurationPlatforms) = postSolution
		{AB9230B8-C0C0-4FB1-B79C-08D7CAA13E8C}.Debug|x86.ActiveCfg = Debug|x86
		{AB9230B8-C0C0-4FB1-B79C-08D7CAA13E8C}.Debug|x86.Build.0 = Debug|x86
		{AB9230B8-C0C0-4FB1-B79C-08D7CAA13E8C}.Release|x86.ActiveCfg = Release|x86
		{AB9230B8-C0C0-4FB1-B79C-08D7CAA13E8C}.Release|x86.Build.0 = Release|x86
	EndGlobalSection
	GlobalSection(SolutionProperties) = preSolution
		HideSolutionNode = FALSE
	EndGlobalSection
	GlobalSection(ExtensibilityGlobals) = postSolution
		SolutionGuid = {B414C541-C473-47DA-9247-5E714DCAC125}
	EndGlobalSection
EndGlobal
